
Microsoft Visual Studio Solution File, Format Version 12.00
# Visual Studio Version 16
VisualStudioVersion = 16.0.29920.165
MinimumVisualStudioVersion = 10.0.40219.1
Project("{9A19103F-16F7-4668-BE54-9A1E7A4F7556}") = "Allgregator", "Allgregator\Allgregator.csproj", "{62FC81BE-C81C-420F-B981-A7474D3A6F61}"
EndProject
Project("{9A19103F-16F7-4668-BE54-9A1E7A4F7556}") = "Allgregator.Tests", "Allgregator.Tests\Allgregator.Tests.csproj", "{82DEEBA9-4733-46A2-B72D-7C85CB6510AD}"
EndProject
Project("{9A19103F-16F7-4668-BE54-9A1E7A4F7556}") = "Allgregator.Rss", "Allgregator.Rss\Allgregator.Rss.csproj", "{3CD09935-2B24-4D04-9D2E-ED76814F814F}"
EndProject
Project("{9A19103F-16F7-4668-BE54-9A1E7A4F7556}") = "Allgregator.Aux", "Allgregator.Aux\Allgregator.Aux.csproj", "{AC6A9F5D-D762-4507-9978-A5FF1DDA8E91}"
EndProject
Project("{9A19103F-16F7-4668-BE54-9A1E7A4F7556}") = "Allgregator.Fin", "Allgregator.Fin\Allgregator.Fin.csproj", "{A596A90A-F5FE-4372-8A76-6544EF783B17}"
EndProject
Project("{9A19103F-16F7-4668-BE54-9A1E7A4F7556}") = "Allgregator.Sts", "Allgregator.Sts\Allgregator.Sts.csproj", "{A1D690F4-A290-42AF-A92B-F1AD35710929}"
EndProject
Global
	GlobalSection(SolutionConfigurationPlatforms) = preSolution
		Debug|Any CPU = Debug|Any CPU
		Release|Any CPU = Release|Any CPU
	EndGlobalSection
	GlobalSection(ProjectConfigurationPlatforms) = postSolution
		{62FC81BE-C81C-420F-B981-A7474D3A6F61}.Debug|Any CPU.ActiveCfg = Debug|Any CPU
		{62FC81BE-C81C-420F-B981-A7474D3A6F61}.Debug|Any CPU.Build.0 = Debug|Any CPU
		{62FC81BE-C81C-420F-B981-A7474D3A6F61}.Release|Any CPU.ActiveCfg = Release|Any CPU
		{62FC81BE-C81C-420F-B981-A7474D3A6F61}.Release|Any CPU.Build.0 = Release|Any CPU
		{82DEEBA9-4733-46A2-B72D-7C85CB6510AD}.Debug|Any CPU.ActiveCfg = Debug|Any CPU
		{82DEEBA9-4733-46A2-B72D-7C85CB6510AD}.Debug|Any CPU.Build.0 = Debug|Any CPU
		{82DEEBA9-4733-46A2-B72D-7C85CB6510AD}.Release|Any CPU.ActiveCfg = Release|Any CPU
		{82DEEBA9-4733-46A2-B72D-7C85CB6510AD}.Release|Any CPU.Build.0 = Release|Any CPU
		{3CD09935-2B24-4D04-9D2E-ED76814F814F}.Debug|Any CPU.ActiveCfg = Debug|Any CPU
		{3CD09935-2B24-4D04-9D2E-ED76814F814F}.Debug|Any CPU.Build.0 = Debug|Any CPU
		{3CD09935-2B24-4D04-9D2E-ED76814F814F}.Release|Any CPU.ActiveCfg = Release|Any CPU
		{3CD09935-2B24-4D04-9D2E-ED76814F814F}.Release|Any CPU.Build.0 = Release|Any CPU
		{AC6A9F5D-D762-4507-9978-A5FF1DDA8E91}.Debug|Any CPU.ActiveCfg = Debug|Any CPU
		{AC6A9F5D-D762-4507-9978-A5FF1DDA8E91}.Debug|Any CPU.Build.0 = Debug|Any CPU
		{AC6A9F5D-D762-4507-9978-A5FF1DDA8E91}.Release|Any CPU.ActiveCfg = Release|Any CPU
		{AC6A9F5D-D762-4507-9978-A5FF1DDA8E91}.Release|Any CPU.Build.0 = Release|Any CPU
		{A596A90A-F5FE-4372-8A76-6544EF783B17}.Debug|Any CPU.ActiveCfg = Debug|Any CPU
		{A596A90A-F5FE-4372-8A76-6544EF783B17}.Debug|Any CPU.Build.0 = Debug|Any CPU
		{A596A90A-F5FE-4372-8A76-6544EF783B17}.Release|Any CPU.ActiveCfg = Release|Any CPU
		{A596A90A-F5FE-4372-8A76-6544EF783B17}.Release|Any CPU.Build.0 = Release|Any CPU
		{A1D690F4-A290-42AF-A92B-F1AD35710929}.Debug|Any CPU.ActiveCfg = Debug|Any CPU
		{A1D690F4-A290-42AF-A92B-F1AD35710929}.Debug|Any CPU.Build.0 = Debug|Any CPU
		{A1D690F4-A290-42AF-A92B-F1AD35710929}.Release|Any CPU.ActiveCfg = Release|Any CPU
		{A1D690F4-A290-42AF-A92B-F1AD35710929}.Release|Any CPU.Build.0 = Release|Any CPU
	EndGlobalSection
	GlobalSection(SolutionProperties) = preSolution
		HideSolutionNode = FALSE
	EndGlobalSection
	GlobalSection(ExtensibilityGlobals) = postSolution
		SolutionGuid = {1483E821-9E79-40E6-9D43-BE4A6A12D94A}
	EndGlobalSection
EndGlobal
